
Microsoft Visual Studio Solution File, Format Version 12.00
# Visual Studio Version 17
VisualStudioVersion = 17.3.32819.101
MinimumVisualStudioVersion = 10.0.40219.1
Project("{FAE04EC0-301F-11D3-BF4B-00C04F79EFBC}") = "RazorSyntaxDemo", "RazorSyntaxDemo\RazorSyntaxDemo.csproj", "{2AD7793F-BA27-49BC-A7EF-112E45BC40FB}"
EndProject
Global
	GlobalSection(SolutionConfigurationPlatforms) = preSolution
		Debug|Any CPU = Debug|Any CPU
		Release|Any CPU = Release|Any CPU
	EndGlobalSection
	GlobalSection(ProjectConfigurationPlatforms) = postSolution
		{2AD7793F-BA27-49BC-A7EF-112E45BC40FB}.Debug|Any CPU.ActiveCfg = Debug|Any CPU
		{2AD7793F-BA27-49BC-A7EF-112E45BC40FB}.Debug|Any CPU.Build.0 = Debug|Any CPU
		{2AD7793F-BA27-49BC-A7EF-112E45BC40FB}.Release|Any CPU.ActiveCfg = Release|Any CPU
		{2AD7793F-BA27-49BC-A7EF-112E45BC40FB}.Release|Any CPU.Build.0 = Release|Any CPU
	EndGlobalSection
	GlobalSection(SolutionProperties) = preSolution
		HideSolutionNode = FALSE
	EndGlobalSection
	GlobalSection(ExtensibilityGlobals) = postSolution
		SolutionGuid = {34A90663-D61B-4275-96EC-ED97CFC0FD16}
	EndGlobalSection
EndGlobal
