
Microsoft Visual Studio Solution File, Format Version 12.00
# Visual Studio Version 17
VisualStudioVersion = 17.3.32819.101
MinimumVisualStudioVersion = 10.0.40219.1
Project("{FAE04EC0-301F-11D3-BF4B-00C04F79EFBC}") = "NhlSystem", "NhlSystem\NhlSystem.csproj", "{AF5D64E8-FCA6-40F9-932D-F3E08532628F}"
EndProject
Project("{FAE04EC0-301F-11D3-BF4B-00C04F79EFBC}") = "TestNhlSystem", "TestNhlSystem\TestNhlSystem.csproj", "{652DD2DE-3906-4B85-8870-62ACE2BA0DE8}"
EndProject
Global
	GlobalSection(SolutionConfigurationPlatforms) = preSolution
		Debug|Any CPU = Debug|Any CPU
		Release|Any CPU = Release|Any CPU
	EndGlobalSection
	GlobalSection(ProjectConfigurationPlatforms) = postSolution
		{AF5D64E8-FCA6-40F9-932D-F3E08532628F}.Debug|Any CPU.ActiveCfg = Debug|Any CPU
		{AF5D64E8-FCA6-40F9-932D-F3E08532628F}.Debug|Any CPU.Build.0 = Debug|Any CPU
		{AF5D64E8-FCA6-40F9-932D-F3E08532628F}.Release|Any CPU.ActiveCfg = Release|Any CPU
		{AF5D64E8-FCA6-40F9-932D-F3E08532628F}.Release|Any CPU.Build.0 = Release|Any CPU
		{652DD2DE-3906-4B85-8870-62ACE2BA0DE8}.Debug|Any CPU.ActiveCfg = Debug|Any CPU
		{652DD2DE-3906-4B85-8870-62ACE2BA0DE8}.Debug|Any CPU.Build.0 = Debug|Any CPU
		{652DD2DE-3906-4B85-8870-62ACE2BA0DE8}.Release|Any CPU.ActiveCfg = Release|Any CPU
		{652DD2DE-3906-4B85-8870-62ACE2BA0DE8}.Release|Any CPU.Build.0 = Release|Any CPU
	EndGlobalSection
	GlobalSection(SolutionProperties) = preSolution
		HideSolutionNode = FALSE
	EndGlobalSection
	GlobalSection(ExtensibilityGlobals) = postSolution
		SolutionGuid = {4BA853E4-2F33-4D8D-B551-C8915D768205}
	EndGlobalSection
EndGlobal
