
Microsoft Visual Studio Solution File, Format Version 12.00
# Visual Studio Version 17
VisualStudioVersion = 17.3.32819.101
MinimumVisualStudioVersion = 10.0.40219.1
Project("{FAE04EC0-301F-11D3-BF4B-00C04F79EFBC}") = "LinqDemo", "LinqDemo\LinqDemo.csproj", "{B121A5DA-E07F-4B3D-96DC-B7426F83FE2F}"
EndProject
Global
	GlobalSection(SolutionConfigurationPlatforms) = preSolution
		Debug|Any CPU = Debug|Any CPU
		Release|Any CPU = Release|Any CPU
	EndGlobalSection
	GlobalSection(ProjectConfigurationPlatforms) = postSolution
		{B121A5DA-E07F-4B3D-96DC-B7426F83FE2F}.Debug|Any CPU.ActiveCfg = Debug|Any CPU
		{B121A5DA-E07F-4B3D-96DC-B7426F83FE2F}.Debug|Any CPU.Build.0 = Debug|Any CPU
		{B121A5DA-E07F-4B3D-96DC-B7426F83FE2F}.Release|Any CPU.ActiveCfg = Release|Any CPU
		{B121A5DA-E07F-4B3D-96DC-B7426F83FE2F}.Release|Any CPU.Build.0 = Release|Any CPU
	EndGlobalSection
	GlobalSection(SolutionProperties) = preSolution
		HideSolutionNode = FALSE
	EndGlobalSection
	GlobalSection(ExtensibilityGlobals) = postSolution
		SolutionGuid = {292BD86E-A5CF-45B0-9383-DD698B5A2EE0}
	EndGlobalSection
EndGlobal
