
Microsoft Visual Studio Solution File, Format Version 12.00
# Visual Studio Version 17
VisualStudioVersion = 17.3.32819.101
MinimumVisualStudioVersion = 10.0.40219.1
Project("{9A19103F-16F7-4668-BE54-9A1E7A4F7556}") = "WestwindWebApp", "WestwindWebApp\WestwindWebApp.csproj", "{347A0066-3A71-4FF6-927E-8076571116CE}"
EndProject
Project("{9A19103F-16F7-4668-BE54-9A1E7A4F7556}") = "WestwindSystem", "WestwindSystem\WestwindSystem.csproj", "{39BF4034-F9ED-4D4E-81C9-44CA6CFCCDE6}"
EndProject
Global
	GlobalSection(SolutionConfigurationPlatforms) = preSolution
		Debug|Any CPU = Debug|Any CPU
		Release|Any CPU = Release|Any CPU
	EndGlobalSection
	GlobalSection(ProjectConfigurationPlatforms) = postSolution
		{347A0066-3A71-4FF6-927E-8076571116CE}.Debug|Any CPU.ActiveCfg = Debug|Any CPU
		{347A0066-3A71-4FF6-927E-8076571116CE}.Debug|Any CPU.Build.0 = Debug|Any CPU
		{347A0066-3A71-4FF6-927E-8076571116CE}.Release|Any CPU.ActiveCfg = Release|Any CPU
		{347A0066-3A71-4FF6-927E-8076571116CE}.Release|Any CPU.Build.0 = Release|Any CPU
		{39BF4034-F9ED-4D4E-81C9-44CA6CFCCDE6}.Debug|Any CPU.ActiveCfg = Debug|Any CPU
		{39BF4034-F9ED-4D4E-81C9-44CA6CFCCDE6}.Debug|Any CPU.Build.0 = Debug|Any CPU
		{39BF4034-F9ED-4D4E-81C9-44CA6CFCCDE6}.Release|Any CPU.ActiveCfg = Release|Any CPU
		{39BF4034-F9ED-4D4E-81C9-44CA6CFCCDE6}.Release|Any CPU.Build.0 = Release|Any CPU
	EndGlobalSection
	GlobalSection(SolutionProperties) = preSolution
		HideSolutionNode = FALSE
	EndGlobalSection
	GlobalSection(ExtensibilityGlobals) = postSolution
		SolutionGuid = {3C3F22B7-051A-4B28-8A55-A1E26ABE5E70}
	EndGlobalSection
EndGlobal
