
Microsoft Visual Studio Solution File, Format Version 12.00
# Visual Studio Version 17
VisualStudioVersion = 17.3.32819.101
MinimumVisualStudioVersion = 10.0.40219.1
Project("{FAE04EC0-301F-11D3-BF4B-00C04F79EFBC}") = "OOPReview1", "OOPReview1\OOPReview1.csproj", "{A3F00024-32D0-4BEE-ACA6-054789E9CB0F}"
EndProject
Global
	GlobalSection(SolutionConfigurationPlatforms) = preSolution
		Debug|Any CPU = Debug|Any CPU
		Release|Any CPU = Release|Any CPU
	EndGlobalSection
	GlobalSection(ProjectConfigurationPlatforms) = postSolution
		{A3F00024-32D0-4BEE-ACA6-054789E9CB0F}.Debug|Any CPU.ActiveCfg = Debug|Any CPU
		{A3F00024-32D0-4BEE-ACA6-054789E9CB0F}.Debug|Any CPU.Build.0 = Debug|Any CPU
		{A3F00024-32D0-4BEE-ACA6-054789E9CB0F}.Release|Any CPU.ActiveCfg = Release|Any CPU
		{A3F00024-32D0-4BEE-ACA6-054789E9CB0F}.Release|Any CPU.Build.0 = Release|Any CPU
	EndGlobalSection
	GlobalSection(SolutionProperties) = preSolution
		HideSolutionNode = FALSE
	EndGlobalSection
	GlobalSection(ExtensibilityGlobals) = postSolution
		SolutionGuid = {1A985480-728A-4ACB-A701-49B83DAACE02}
	EndGlobalSection
EndGlobal
